
Microsoft Visual Studio Solution File, Format Version 12.00
# Visual Studio Version 17
VisualStudioVersion = 17.11.35219.272
MinimumVisualStudioVersion = 10.0.40219.1
Project("{FAE04EC0-301F-11D3-BF4B-00C04F79EFBC}") = "CT.Gateway", "CT.Gateway\CT.Gateway.csproj", "{E5DF9FAE-D9DB-4EF0-A54E-4AB1D80178EB}"
EndProject
Global
	GlobalSection(SolutionConfigurationPlatforms) = preSolution
		Debug|Any CPU = Debug|Any CPU
		Release|Any CPU = Release|Any CPU
	EndGlobalSection
	GlobalSection(ProjectConfigurationPlatforms) = postSolution
		{E5DF9FAE-D9DB-4EF0-A54E-4AB1D80178EB}.Debug|Any CPU.ActiveCfg = Debug|Any CPU
		{E5DF9FAE-D9DB-4EF0-A54E-4AB1D80178EB}.Debug|Any CPU.Build.0 = Debug|Any CPU
		{E5DF9FAE-D9DB-4EF0-A54E-4AB1D80178EB}.Release|Any CPU.ActiveCfg = Release|Any CPU
		{E5DF9FAE-D9DB-4EF0-A54E-4AB1D80178EB}.Release|Any CPU.Build.0 = Release|Any CPU
	EndGlobalSection
	GlobalSection(SolutionProperties) = preSolution
		HideSolutionNode = FALSE
	EndGlobalSection
	GlobalSection(ExtensibilityGlobals) = postSolution
		SolutionGuid = {1963454D-ED48-4FB8-8005-715122EC9E16}
	EndGlobalSection
EndGlobal
