
Microsoft Visual Studio Solution File, Format Version 12.00
# Visual Studio Version 17
VisualStudioVersion = 17.11.35219.272
MinimumVisualStudioVersion = 10.0.40219.1
Project("{9A19103F-16F7-4668-BE54-9A1E7A4F7556}") = "CT.CategoryManagement", "CT.CategoryManagement\CT.CategoryManagement.csproj", "{6A37615C-F4F4-48A1-AD9B-856CE43CC6E6}"
EndProject
Project("{9A19103F-16F7-4668-BE54-9A1E7A4F7556}") = "CT.BL", "CT.BL\CT.BL.csproj", "{09976887-750F-4DD3-A759-F8BA3101EACE}"
EndProject
Project("{9A19103F-16F7-4668-BE54-9A1E7A4F7556}") = "CT.Common", "CT.Common\CT.Common.csproj", "{86760D2B-7D3A-4874-A001-B68A21214402}"
EndProject
Project("{9A19103F-16F7-4668-BE54-9A1E7A4F7556}") = "CT.DL", "CT.DL\CT.DL.csproj", "{C60696D8-03B8-4F78-949E-55497AB2A1FA}"
EndProject
Project("{9A19103F-16F7-4668-BE54-9A1E7A4F7556}") = "CT.ImExReport", "CT.ImExReport\CT.ImExReport.csproj", "{4596FCBD-54E3-4F6F-8293-80DC1C640686}"
EndProject
Project("{9A19103F-16F7-4668-BE54-9A1E7A4F7556}") = "CT.Models", "CT.Models\CT.Models.csproj", "{8F751AD5-EC89-44B8-B9E5-148BB1E154D9}"
EndProject
Project("{9A19103F-16F7-4668-BE54-9A1E7A4F7556}") = "CT.Utils", "CT.Utils\CT.Utils.csproj", "{2386FA12-D5AA-4053-A137-71A958206B2C}"
EndProject
Project("{9A19103F-16F7-4668-BE54-9A1E7A4F7556}") = "CT.UserContext", "CT.UserContext\CT.UserContext.csproj", "{556DC54E-12B1-4DF3-8608-BDD770CF8DE2}"
EndProject
Global
	GlobalSection(SolutionConfigurationPlatforms) = preSolution
		Debug|Any CPU = Debug|Any CPU
		Release|Any CPU = Release|Any CPU
	EndGlobalSection
	GlobalSection(ProjectConfigurationPlatforms) = postSolution
		{6A37615C-F4F4-48A1-AD9B-856CE43CC6E6}.Debug|Any CPU.ActiveCfg = Debug|Any CPU
		{6A37615C-F4F4-48A1-AD9B-856CE43CC6E6}.Debug|Any CPU.Build.0 = Debug|Any CPU
		{6A37615C-F4F4-48A1-AD9B-856CE43CC6E6}.Release|Any CPU.ActiveCfg = Release|Any CPU
		{6A37615C-F4F4-48A1-AD9B-856CE43CC6E6}.Release|Any CPU.Build.0 = Release|Any CPU
		{09976887-750F-4DD3-A759-F8BA3101EACE}.Debug|Any CPU.ActiveCfg = Debug|Any CPU
		{09976887-750F-4DD3-A759-F8BA3101EACE}.Debug|Any CPU.Build.0 = Debug|Any CPU
		{09976887-750F-4DD3-A759-F8BA3101EACE}.Release|Any CPU.ActiveCfg = Release|Any CPU
		{09976887-750F-4DD3-A759-F8BA3101EACE}.Release|Any CPU.Build.0 = Release|Any CPU
		{86760D2B-7D3A-4874-A001-B68A21214402}.Debug|Any CPU.ActiveCfg = Debug|Any CPU
		{86760D2B-7D3A-4874-A001-B68A21214402}.Debug|Any CPU.Build.0 = Debug|Any CPU
		{86760D2B-7D3A-4874-A001-B68A21214402}.Release|Any CPU.ActiveCfg = Release|Any CPU
		{86760D2B-7D3A-4874-A001-B68A21214402}.Release|Any CPU.Build.0 = Release|Any CPU
		{C60696D8-03B8-4F78-949E-55497AB2A1FA}.Debug|Any CPU.ActiveCfg = Debug|Any CPU
		{C60696D8-03B8-4F78-949E-55497AB2A1FA}.Debug|Any CPU.Build.0 = Debug|Any CPU
		{C60696D8-03B8-4F78-949E-55497AB2A1FA}.Release|Any CPU.ActiveCfg = Release|Any CPU
		{C60696D8-03B8-4F78-949E-55497AB2A1FA}.Release|Any CPU.Build.0 = Release|Any CPU
		{4596FCBD-54E3-4F6F-8293-80DC1C640686}.Debug|Any CPU.ActiveCfg = Debug|Any CPU
		{4596FCBD-54E3-4F6F-8293-80DC1C640686}.Debug|Any CPU.Build.0 = Debug|Any CPU
		{4596FCBD-54E3-4F6F-8293-80DC1C640686}.Release|Any CPU.ActiveCfg = Release|Any CPU
		{4596FCBD-54E3-4F6F-8293-80DC1C640686}.Release|Any CPU.Build.0 = Release|Any CPU
		{8F751AD5-EC89-44B8-B9E5-148BB1E154D9}.Debug|Any CPU.ActiveCfg = Debug|Any CPU
		{8F751AD5-EC89-44B8-B9E5-148BB1E154D9}.Debug|Any CPU.Build.0 = Debug|Any CPU
		{8F751AD5-EC89-44B8-B9E5-148BB1E154D9}.Release|Any CPU.ActiveCfg = Release|Any CPU
		{8F751AD5-EC89-44B8-B9E5-148BB1E154D9}.Release|Any CPU.Build.0 = Release|Any CPU
		{2386FA12-D5AA-4053-A137-71A958206B2C}.Debug|Any CPU.ActiveCfg = Debug|Any CPU
		{2386FA12-D5AA-4053-A137-71A958206B2C}.Debug|Any CPU.Build.0 = Debug|Any CPU
		{2386FA12-D5AA-4053-A137-71A958206B2C}.Release|Any CPU.ActiveCfg = Release|Any CPU
		{2386FA12-D5AA-4053-A137-71A958206B2C}.Release|Any CPU.Build.0 = Release|Any CPU
		{556DC54E-12B1-4DF3-8608-BDD770CF8DE2}.Debug|Any CPU.ActiveCfg = Debug|Any CPU
		{556DC54E-12B1-4DF3-8608-BDD770CF8DE2}.Debug|Any CPU.Build.0 = Debug|Any CPU
		{556DC54E-12B1-4DF3-8608-BDD770CF8DE2}.Release|Any CPU.ActiveCfg = Release|Any CPU
		{556DC54E-12B1-4DF3-8608-BDD770CF8DE2}.Release|Any CPU.Build.0 = Release|Any CPU
	EndGlobalSection
	GlobalSection(SolutionProperties) = preSolution
		HideSolutionNode = FALSE
	EndGlobalSection
	GlobalSection(ExtensibilityGlobals) = postSolution
		SolutionGuid = {C55AD23B-0700-4923-AF27-7B2596858F3E}
	EndGlobalSection
EndGlobal
